
Microsoft Visual Studio Solution File, Format Version 12.00
Project("{FAE04EC0-301F-11D3-BF4B-00C04F79EFBC}") = "WebApp", "WebApp\WebApp.csproj", "{1E7FE8B0-FF94-45AB-AAE2-36D271FA3D35}"
EndProject
Project("{FAE04EC0-301F-11D3-BF4B-00C04F79EFBC}") = "WebApp.Interfaces", "WebApp.Interfaces\WebApp.Interfaces.csproj", "{4AFB24F6-39B8-4308-B7F4-5B64BCC5980E}"
EndProject
Project("{FAE04EC0-301F-11D3-BF4B-00C04F79EFBC}") = "Utils", "Utils\Utils.csproj", "{CBFE63D2-4B69-4284-86DF-BE2A49DD1E82}"
EndProject
Project("{FAE04EC0-301F-11D3-BF4B-00C04F79EFBC}") = "UseCases", "UseCases\UseCases.csproj", "{0B15C489-5EFA-427E-B413-ACCDE8E33AC5}"
EndProject
Project("{FAE04EC0-301F-11D3-BF4B-00C04F79EFBC}") = "Entities", "Entities\Entities.csproj", "{9D5962DC-4AFA-4993-8861-37845F9662F4}"
EndProject
Project("{FAE04EC0-301F-11D3-BF4B-00C04F79EFBC}") = "DataAccess.Interfaces", "DataAccess.Interfaces\DataAccess.Interfaces.csproj", "{8782F40A-31E6-455B-9F7B-8C5421E2E845}"
EndProject
Project("{FAE04EC0-301F-11D3-BF4B-00C04F79EFBC}") = "DataAccess.MsSql", "DataAccess.MsSql\DataAccess.MsSql.csproj", "{D9D8F4DC-3230-43B3-B1AD-2484736B9315}"
EndProject
Project("{FAE04EC0-301F-11D3-BF4B-00C04F79EFBC}") = "AccentorAltaicus.Tests", "AccentorAltaicus.Tests\AccentorAltaicus.Tests.csproj", "{9EF61B4B-D2AE-4833-B135-0F7938E47C7A}"
EndProject
Global
	GlobalSection(SolutionConfigurationPlatforms) = preSolution
		Debug|Any CPU = Debug|Any CPU
		Release|Any CPU = Release|Any CPU
	EndGlobalSection
	GlobalSection(ProjectConfigurationPlatforms) = postSolution
		{1E7FE8B0-FF94-45AB-AAE2-36D271FA3D35}.Debug|Any CPU.ActiveCfg = Debug|Any CPU
		{1E7FE8B0-FF94-45AB-AAE2-36D271FA3D35}.Debug|Any CPU.Build.0 = Debug|Any CPU
		{1E7FE8B0-FF94-45AB-AAE2-36D271FA3D35}.Release|Any CPU.ActiveCfg = Release|Any CPU
		{1E7FE8B0-FF94-45AB-AAE2-36D271FA3D35}.Release|Any CPU.Build.0 = Release|Any CPU
		{4AFB24F6-39B8-4308-B7F4-5B64BCC5980E}.Debug|Any CPU.ActiveCfg = Debug|Any CPU
		{4AFB24F6-39B8-4308-B7F4-5B64BCC5980E}.Debug|Any CPU.Build.0 = Debug|Any CPU
		{4AFB24F6-39B8-4308-B7F4-5B64BCC5980E}.Release|Any CPU.ActiveCfg = Release|Any CPU
		{4AFB24F6-39B8-4308-B7F4-5B64BCC5980E}.Release|Any CPU.Build.0 = Release|Any CPU
		{CBFE63D2-4B69-4284-86DF-BE2A49DD1E82}.Debug|Any CPU.ActiveCfg = Debug|Any CPU
		{CBFE63D2-4B69-4284-86DF-BE2A49DD1E82}.Debug|Any CPU.Build.0 = Debug|Any CPU
		{CBFE63D2-4B69-4284-86DF-BE2A49DD1E82}.Release|Any CPU.ActiveCfg = Release|Any CPU
		{CBFE63D2-4B69-4284-86DF-BE2A49DD1E82}.Release|Any CPU.Build.0 = Release|Any CPU
		{0B15C489-5EFA-427E-B413-ACCDE8E33AC5}.Debug|Any CPU.ActiveCfg = Debug|Any CPU
		{0B15C489-5EFA-427E-B413-ACCDE8E33AC5}.Debug|Any CPU.Build.0 = Debug|Any CPU
		{0B15C489-5EFA-427E-B413-ACCDE8E33AC5}.Release|Any CPU.ActiveCfg = Release|Any CPU
		{0B15C489-5EFA-427E-B413-ACCDE8E33AC5}.Release|Any CPU.Build.0 = Release|Any CPU
		{9D5962DC-4AFA-4993-8861-37845F9662F4}.Debug|Any CPU.ActiveCfg = Debug|Any CPU
		{9D5962DC-4AFA-4993-8861-37845F9662F4}.Debug|Any CPU.Build.0 = Debug|Any CPU
		{9D5962DC-4AFA-4993-8861-37845F9662F4}.Release|Any CPU.ActiveCfg = Release|Any CPU
		{9D5962DC-4AFA-4993-8861-37845F9662F4}.Release|Any CPU.Build.0 = Release|Any CPU
		{8782F40A-31E6-455B-9F7B-8C5421E2E845}.Debug|Any CPU.ActiveCfg = Debug|Any CPU
		{8782F40A-31E6-455B-9F7B-8C5421E2E845}.Debug|Any CPU.Build.0 = Debug|Any CPU
		{8782F40A-31E6-455B-9F7B-8C5421E2E845}.Release|Any CPU.ActiveCfg = Release|Any CPU
		{8782F40A-31E6-455B-9F7B-8C5421E2E845}.Release|Any CPU.Build.0 = Release|Any CPU
		{D9D8F4DC-3230-43B3-B1AD-2484736B9315}.Debug|Any CPU.ActiveCfg = Debug|Any CPU
		{D9D8F4DC-3230-43B3-B1AD-2484736B9315}.Debug|Any CPU.Build.0 = Debug|Any CPU
		{D9D8F4DC-3230-43B3-B1AD-2484736B9315}.Release|Any CPU.ActiveCfg = Release|Any CPU
		{D9D8F4DC-3230-43B3-B1AD-2484736B9315}.Release|Any CPU.Build.0 = Release|Any CPU
		{9EF61B4B-D2AE-4833-B135-0F7938E47C7A}.Debug|Any CPU.ActiveCfg = Debug|Any CPU
		{9EF61B4B-D2AE-4833-B135-0F7938E47C7A}.Debug|Any CPU.Build.0 = Debug|Any CPU
		{9EF61B4B-D2AE-4833-B135-0F7938E47C7A}.Release|Any CPU.ActiveCfg = Release|Any CPU
		{9EF61B4B-D2AE-4833-B135-0F7938E47C7A}.Release|Any CPU.Build.0 = Release|Any CPU
	EndGlobalSection
EndGlobal
